
Microsoft Visual Studio Solution File, Format Version 12.00
# Visual Studio Version 17
VisualStudioVersion = 17.0.31903.59
MinimumVisualStudioVersion = 10.0.40219.1
Project("{FAE04EC0-301F-11D3-BF4B-00C04F79EFBC}") = "DotnetAlgos", "DotnetAlgos\DotnetAlgos.csproj", "{141C0D7A-A3F9-4889-A92F-9846C3B4AEAF}"
EndProject
Project("{FAE04EC0-301F-11D3-BF4B-00C04F79EFBC}") = "DotnetAlgos.Tests", "DotnetAlgos.Tests\DotnetAlgos.Tests.csproj", "{387F9B75-EC69-4070-8E33-6E9542C1713D}"
EndProject
Global
	GlobalSection(SolutionConfigurationPlatforms) = preSolution
		Debug|Any CPU = Debug|Any CPU
		Release|Any CPU = Release|Any CPU
	EndGlobalSection
	GlobalSection(SolutionProperties) = preSolution
		HideSolutionNode = FALSE
	EndGlobalSection
	GlobalSection(ProjectConfigurationPlatforms) = postSolution
		{141C0D7A-A3F9-4889-A92F-9846C3B4AEAF}.Debug|Any CPU.ActiveCfg = Debug|Any CPU
		{141C0D7A-A3F9-4889-A92F-9846C3B4AEAF}.Debug|Any CPU.Build.0 = Debug|Any CPU
		{141C0D7A-A3F9-4889-A92F-9846C3B4AEAF}.Release|Any CPU.ActiveCfg = Release|Any CPU
		{141C0D7A-A3F9-4889-A92F-9846C3B4AEAF}.Release|Any CPU.Build.0 = Release|Any CPU
		{387F9B75-EC69-4070-8E33-6E9542C1713D}.Debug|Any CPU.ActiveCfg = Debug|Any CPU
		{387F9B75-EC69-4070-8E33-6E9542C1713D}.Debug|Any CPU.Build.0 = Debug|Any CPU
		{387F9B75-EC69-4070-8E33-6E9542C1713D}.Release|Any CPU.ActiveCfg = Release|Any CPU
		{387F9B75-EC69-4070-8E33-6E9542C1713D}.Release|Any CPU.Build.0 = Release|Any CPU
	EndGlobalSection
EndGlobal
